{
  "nodes": {
    "nixpkgs": {
      "locked": {
        "lastModified": 1743021217,
        "narHash": "sha256-juN9JnHZMT/t1gjBFUMf2cKacN6s3J9YLTxdxB68et8=",
        "owner": "NixOS",
        "repo": "nixpkgs",
        "rev": "6d5f88f7ba35ecf82b22c98da74d1dd75c622034",
        "type": "github"
      },
      "original": {
        "owner": "NixOS",
        "repo": "nixpkgs",
        "type": "github"
      }
    },
    "nixpkgs_2": {
      "locked": {
        "lastModified": 1736320768,
        "narHash": "sha256-nIYdTAiKIGnFNugbomgBJR+Xv5F1ZQU+HfaBqJKroC0=",
        "owner": "NixOS",
        "repo": "nixpkgs",
        "rev": "4bc9c909d9ac828a039f288cf872d16d38185db8",
        "type": "github"
      },
      "original": {
        "owner": "NixOS",
        "ref": "nixpkgs-unstable",
        "repo": "nixpkgs",
        "type": "github"
      }
    },
    "root": {
      "inputs": {
        "nixpkgs": "nixpkgs",
        "rust-overlay": "rust-overlay"
      }
    },
    "rust-overlay": {
      "inputs": {
        "nixpkgs": "nixpkgs_2"
      },
      "locked": {
        "lastModified": 1742956365,
        "narHash": "sha256-Slrqmt6kJ/M7Z/ce4ebQWsz2aeEodrX56CsupOEPoz0=",
        "owner": "oxalica",
        "repo": "rust-overlay",
        "rev": "a0e3395c63cdbc9c1ec17915f8328c077c79c4a1",
        "type": "github"
      },
      "original": {
        "owner": "oxalica",
        "repo": "rust-overlay",
        "type": "github"
      }
    }
  },
  "root": "root",
  "version": 7
}
